
Microsoft Visual Studio Solution File, Format Version 12.00
# Visual Studio Version 16
VisualStudioVersion = 25.0.1706.0
MinimumVisualStudioVersion = 10.0.40219.1
Project("{FAE04EC0-301F-11D3-BF4B-00C04F79EFBC}") = "Wedding", "Wedding\Wedding.csproj", "{156D4D58-5F5C-42AA-AE7E-3758E278BBDA}"
EndProject
Global
	GlobalSection(SolutionConfigurationPlatforms) = preSolution
		Debug|Any CPU = Debug|Any CPU
		Release|Any CPU = Release|Any CPU
	EndGlobalSection
	GlobalSection(ProjectConfigurationPlatforms) = postSolution
		{156D4D58-5F5C-42AA-AE7E-3758E278BBDA}.Debug|Any CPU.ActiveCfg = Debug|Any CPU
		{156D4D58-5F5C-42AA-AE7E-3758E278BBDA}.Debug|Any CPU.Build.0 = Debug|Any CPU
		{156D4D58-5F5C-42AA-AE7E-3758E278BBDA}.Release|Any CPU.ActiveCfg = Release|Any CPU
		{156D4D58-5F5C-42AA-AE7E-3758E278BBDA}.Release|Any CPU.Build.0 = Release|Any CPU
	EndGlobalSection
	GlobalSection(SolutionProperties) = preSolution
		HideSolutionNode = FALSE
	EndGlobalSection
	GlobalSection(ExtensibilityGlobals) = postSolution
		SolutionGuid = {BA928862-425D-4BA1-ADB7-9FAF59A2A359}
	EndGlobalSection
EndGlobal
